
Microsoft Visual Studio Solution File, Format Version 12.00
# Visual Studio 15
VisualStudioVersion = 15.0.28307.421
MinimumVisualStudioVersion = 10.0.40219.1
Project("{FAE04EC0-301F-11D3-BF4B-00C04F79EFBC}") = "Demo2NarradorFinal", "Demo2NarradorFinal\Demo2NarradorFinal.csproj", "{19258C69-E0EC-47F8-B826-06E15FA78CBA}"
EndProject
Global
	GlobalSection(SolutionConfigurationPlatforms) = preSolution
		Debug|ARM = Debug|ARM
		Debug|ARM64 = Debug|ARM64
		Debug|x64 = Debug|x64
		Debug|x86 = Debug|x86
		Release|ARM = Release|ARM
		Release|ARM64 = Release|ARM64
		Release|x64 = Release|x64
		Release|x86 = Release|x86
	EndGlobalSection
	GlobalSection(ProjectConfigurationPlatforms) = postSolution
		{19258C69-E0EC-47F8-B826-06E15FA78CBA}.Debug|ARM.ActiveCfg = Debug|ARM
		{19258C69-E0EC-47F8-B826-06E15FA78CBA}.Debug|ARM.Build.0 = Debug|ARM
		{19258C69-E0EC-47F8-B826-06E15FA78CBA}.Debug|ARM.Deploy.0 = Debug|ARM
		{19258C69-E0EC-47F8-B826-06E15FA78CBA}.Debug|ARM64.ActiveCfg = Debug|ARM64
		{19258C69-E0EC-47F8-B826-06E15FA78CBA}.Debug|ARM64.Build.0 = Debug|ARM64
		{19258C69-E0EC-47F8-B826-06E15FA78CBA}.Debug|ARM64.Deploy.0 = Debug|ARM64
		{19258C69-E0EC-47F8-B826-06E15FA78CBA}.Debug|x64.ActiveCfg = Debug|x64
		{19258C69-E0EC-47F8-B826-06E15FA78CBA}.Debug|x64.Build.0 = Debug|x64
		{19258C69-E0EC-47F8-B826-06E15FA78CBA}.Debug|x64.Deploy.0 = Debug|x64
		{19258C69-E0EC-47F8-B826-06E15FA78CBA}.Debug|x86.ActiveCfg = Debug|x86
		{19258C69-E0EC-47F8-B826-06E15FA78CBA}.Debug|x86.Build.0 = Debug|x86
		{19258C69-E0EC-47F8-B826-06E15FA78CBA}.Debug|x86.Deploy.0 = Debug|x86
		{19258C69-E0EC-47F8-B826-06E15FA78CBA}.Release|ARM.ActiveCfg = Release|ARM
		{19258C69-E0EC-47F8-B826-06E15FA78CBA}.Release|ARM.Build.0 = Release|ARM
		{19258C69-E0EC-47F8-B826-06E15FA78CBA}.Release|ARM.Deploy.0 = Release|ARM
		{19258C69-E0EC-47F8-B826-06E15FA78CBA}.Release|ARM64.ActiveCfg = Release|ARM64
		{19258C69-E0EC-47F8-B826-06E15FA78CBA}.Release|ARM64.Build.0 = Release|ARM64
		{19258C69-E0EC-47F8-B826-06E15FA78CBA}.Release|ARM64.Deploy.0 = Release|ARM64
		{19258C69-E0EC-47F8-B826-06E15FA78CBA}.Release|x64.ActiveCfg = Release|x64
		{19258C69-E0EC-47F8-B826-06E15FA78CBA}.Release|x64.Build.0 = Release|x64
		{19258C69-E0EC-47F8-B826-06E15FA78CBA}.Release|x64.Deploy.0 = Release|x64
		{19258C69-E0EC-47F8-B826-06E15FA78CBA}.Release|x86.ActiveCfg = Release|x86
		{19258C69-E0EC-47F8-B826-06E15FA78CBA}.Release|x86.Build.0 = Release|x86
		{19258C69-E0EC-47F8-B826-06E15FA78CBA}.Release|x86.Deploy.0 = Release|x86
	EndGlobalSection
	GlobalSection(SolutionProperties) = preSolution
		HideSolutionNode = FALSE
	EndGlobalSection
	GlobalSection(ExtensibilityGlobals) = postSolution
		SolutionGuid = {2F46443E-3CF2-4D65-9799-E260E9ABC2DD}
	EndGlobalSection
EndGlobal
